
Microsoft Visual Studio Solution File, Format Version 12.00
# Visual Studio Version 17
VisualStudioVersion = 17.8.34511.84
MinimumVisualStudioVersion = 10.0.40219.1
Project("{FAE04EC0-301F-11D3-BF4B-00C04F79EFBC}") = "SingASong.com", "MusicStore\SingASong.com\SingASong.com.csproj", "{8291A269-A08A-4916-BAB8-94060DCB690C}"
EndProject
Global
	GlobalSection(SolutionConfigurationPlatforms) = preSolution
		Debug|Any CPU = Debug|Any CPU
		Release|Any CPU = Release|Any CPU
	EndGlobalSection
	GlobalSection(ProjectConfigurationPlatforms) = postSolution
		{8291A269-A08A-4916-BAB8-94060DCB690C}.Debug|Any CPU.ActiveCfg = Debug|Any CPU
		{8291A269-A08A-4916-BAB8-94060DCB690C}.Debug|Any CPU.Build.0 = Debug|Any CPU
		{8291A269-A08A-4916-BAB8-94060DCB690C}.Release|Any CPU.ActiveCfg = Release|Any CPU
		{8291A269-A08A-4916-BAB8-94060DCB690C}.Release|Any CPU.Build.0 = Release|Any CPU
	EndGlobalSection
	GlobalSection(SolutionProperties) = preSolution
		HideSolutionNode = FALSE
	EndGlobalSection
	GlobalSection(ExtensibilityGlobals) = postSolution
		SolutionGuid = {5A095A5C-D4C6-4E86-A31B-58D67EADFAF5}
	EndGlobalSection
EndGlobal
